
Microsoft Visual Studio Solution File, Format Version 12.00
# Visual Studio Version 17
VisualStudioVersion = 17.7.34024.191
MinimumVisualStudioVersion = 10.0.40219.1
Project("{9A19103F-16F7-4668-BE54-9A1E7A4F7556}") = "ITELEC1C_LabActivity2", "ITELEC1C_LabActivity2.csproj", "{5A31B644-384E-4775-B02A-E0121D7A7B29}"
EndProject
Global
	GlobalSection(SolutionConfigurationPlatforms) = preSolution
		Debug|Any CPU = Debug|Any CPU
		Release|Any CPU = Release|Any CPU
	EndGlobalSection
	GlobalSection(ProjectConfigurationPlatforms) = postSolution
		{5A31B644-384E-4775-B02A-E0121D7A7B29}.Debug|Any CPU.ActiveCfg = Debug|Any CPU
		{5A31B644-384E-4775-B02A-E0121D7A7B29}.Debug|Any CPU.Build.0 = Debug|Any CPU
		{5A31B644-384E-4775-B02A-E0121D7A7B29}.Release|Any CPU.ActiveCfg = Release|Any CPU
		{5A31B644-384E-4775-B02A-E0121D7A7B29}.Release|Any CPU.Build.0 = Release|Any CPU
	EndGlobalSection
	GlobalSection(SolutionProperties) = preSolution
		HideSolutionNode = FALSE
	EndGlobalSection
	GlobalSection(ExtensibilityGlobals) = postSolution
		SolutionGuid = {E5C880F6-AC0D-4C91-ABEE-3B55D6754241}
	EndGlobalSection
EndGlobal
